# This file is generated by running "yarn install" inside your project.
# Manual changes might be lost - proceed with caution!

__metadata:
  version: 8
  cacheKey: 10

"@backstage-community/plugin-catalog-backend-module-keycloak-dynamic@workspace:.":
  version: 0.0.0-use.local
  resolution: "@backstage-community/plugin-catalog-backend-module-keycloak-dynamic@workspace:."
  dependencies:
    "@keycloak/keycloak-admin-client": "npm:26.1.4"
    "@opentelemetry/api": "npm:^1.9.0"
    jsonwebtoken: "npm:^9.0.0"
    lodash: "npm:^4.17.21"
    p-limit: "npm:^6.1.0"
    pg-format: "npm:^1.0.4"
    uuid: "npm:^9.0.1"
  peerDependencies:
    "@backstage/backend-plugin-api": ^1.3.0
    "@backstage/catalog-client": ^1.10.0
    "@backstage/catalog-model": ^1.7.3
    "@backstage/errors": ^1.2.7
    "@backstage/plugin-catalog-node": ^1.16.3
    "@backstage/plugin-events-node": ^0.4.11
  languageName: unknown
  linkType: soft

"@keycloak/keycloak-admin-client@npm:26.1.4":
  version: 26.1.4
  resolution: "@keycloak/keycloak-admin-client@npm:26.1.4"
  dependencies:
    camelize-ts: "npm:^3.0.0"
    url-join: "npm:^5.0.0"
    url-template: "npm:^3.1.1"
  checksum: 10/f671198b45159c76e48889ad29a0e1d35404fcd46fc9b43e69c714741c55529e7271969be12266c04fe8fef1631bce9c35ba8c624a53cefa5b09b38ed5185afc
  languageName: node
  linkType: hard

"@opentelemetry/api@npm:^1.9.0":
  version: 1.9.0
  resolution: "@opentelemetry/api@npm:1.9.0"
  checksum: 10/a607f0eef971893c4f2ee2a4c2069aade6ec3e84e2a1f5c2aac19f65c5d9eeea41aa72db917c1029faafdd71789a1a040bdc18f40d63690e22ccae5d7070f194
  languageName: node
  linkType: hard

"buffer-equal-constant-time@npm:1.0.1":
  version: 1.0.1
  resolution: "buffer-equal-constant-time@npm:1.0.1"
  checksum: 10/80bb945f5d782a56f374b292770901065bad21420e34936ecbe949e57724b4a13874f735850dd1cc61f078773c4fb5493a41391e7bda40d1fa388d6bd80daaab
  languageName: node
  linkType: hard

"camelize-ts@npm:^3.0.0":
  version: 3.0.0
  resolution: "camelize-ts@npm:3.0.0"
  checksum: 10/b0dc18a8227b90f0033a837119a553cae2d5f69accd6b1831585889efce7508a4bcedb53e8658d10a17a9f33ea378bb2e658a302d27689418ebca08b37dd4212
  languageName: node
  linkType: hard

"ecdsa-sig-formatter@npm:1.0.11":
  version: 1.0.11
  resolution: "ecdsa-sig-formatter@npm:1.0.11"
  dependencies:
    safe-buffer: "npm:^5.0.1"
  checksum: 10/878e1aab8a42773320bc04c6de420bee21aebd71810e40b1799880a8a1c4594bcd6adc3d4213a0fb8147d4c3f529d8f9a618d7f59ad5a9a41b142058aceda23f
  languageName: node
  linkType: hard

"jsonwebtoken@npm:^9.0.0":
  version: 9.0.2
  resolution: "jsonwebtoken@npm:9.0.2"
  dependencies:
    jws: "npm:^3.2.2"
    lodash.includes: "npm:^4.3.0"
    lodash.isboolean: "npm:^3.0.3"
    lodash.isinteger: "npm:^4.0.4"
    lodash.isnumber: "npm:^3.0.3"
    lodash.isplainobject: "npm:^4.0.6"
    lodash.isstring: "npm:^4.0.1"
    lodash.once: "npm:^4.0.0"
    ms: "npm:^2.1.1"
    semver: "npm:^7.5.4"
  checksum: 10/6e9b6d879cec2b27f2f3a88a0c0973edc7ba956a5d9356b2626c4fddfda969e34a3832deaf79c3e1c6c9a525bc2c4f2c2447fa477f8ac660f0017c31a59ae96b
  languageName: node
  linkType: hard

"jwa@npm:^1.4.1":
  version: 1.4.1
  resolution: "jwa@npm:1.4.1"
  dependencies:
    buffer-equal-constant-time: "npm:1.0.1"
    ecdsa-sig-formatter: "npm:1.0.11"
    safe-buffer: "npm:^5.0.1"
  checksum: 10/0bc002b71dd70480fedc7d442a4d2b9185a9947352a027dcb4935864ad2323c57b5d391adf968a3622b61e940cef4f3484d5813b95864539272d41cac145d6f3
  languageName: node
  linkType: hard

"jws@npm:^3.2.2":
  version: 3.2.2
  resolution: "jws@npm:3.2.2"
  dependencies:
    jwa: "npm:^1.4.1"
    safe-buffer: "npm:^5.0.1"
  checksum: 10/70b016974af8a76d25030c80a0097b24ed5b17a9cf10f43b163c11cb4eb248d5d04a3fe48c0d724d2884c32879d878ccad7be0663720f46b464f662f7ed778fe
  languageName: node
  linkType: hard

"lodash.includes@npm:^4.3.0":
  version: 4.3.0
  resolution: "lodash.includes@npm:4.3.0"
  checksum: 10/45e0a7c7838c931732cbfede6327da321b2b10482d5063ed21c020fa72b09ca3a4aa3bda4073906ab3f436cf36eb85a52ea3f08b7bab1e0baca8235b0e08fe51
  languageName: node
  linkType: hard

"lodash.isboolean@npm:^3.0.3":
  version: 3.0.3
  resolution: "lodash.isboolean@npm:3.0.3"
  checksum: 10/b70068b4a8b8837912b54052557b21fc4774174e3512ed3c5b94621e5aff5eb6c68089d0a386b7e801d679cd105d2e35417978a5e99071750aa2ed90bffd0250
  languageName: node
  linkType: hard

"lodash.isinteger@npm:^4.0.4":
  version: 4.0.4
  resolution: "lodash.isinteger@npm:4.0.4"
  checksum: 10/c971f5a2d67384f429892715550c67bac9f285604a0dd79275fd19fef7717aec7f2a6a33d60769686e436ceb9771fd95fe7fcb68ad030fc907d568d5a3b65f70
  languageName: node
  linkType: hard

"lodash.isnumber@npm:^3.0.3":
  version: 3.0.3
  resolution: "lodash.isnumber@npm:3.0.3"
  checksum: 10/913784275b565346255e6ae6a6e30b760a0da70abc29f3e1f409081585875105138cda4a429ff02577e1bc0a7ae2a90e0a3079a37f3a04c3d6c5aaa532f4cab2
  languageName: node
  linkType: hard

"lodash.isplainobject@npm:^4.0.6":
  version: 4.0.6
  resolution: "lodash.isplainobject@npm:4.0.6"
  checksum: 10/29c6351f281e0d9a1d58f1a4c8f4400924b4c79f18dfc4613624d7d54784df07efaff97c1ff2659f3e085ecf4fff493300adc4837553104cef2634110b0d5337
  languageName: node
  linkType: hard

"lodash.isstring@npm:^4.0.1":
  version: 4.0.1
  resolution: "lodash.isstring@npm:4.0.1"
  checksum: 10/eaac87ae9636848af08021083d796e2eea3d02e80082ab8a9955309569cb3a463ce97fd281d7dc119e402b2e7d8c54a23914b15d2fc7fff56461511dc8937ba0
  languageName: node
  linkType: hard

"lodash.once@npm:^4.0.0":
  version: 4.1.1
  resolution: "lodash.once@npm:4.1.1"
  checksum: 10/202f2c8c3d45e401b148a96de228e50ea6951ee5a9315ca5e15733d5a07a6b1a02d9da1e7fdf6950679e17e8ca8f7190ec33cae47beb249b0c50019d753f38f3
  languageName: node
  linkType: hard

"lodash@npm:^4.17.21":
  version: 4.17.21
  resolution: "lodash@npm:4.17.21"
  checksum: 10/c08619c038846ea6ac754abd6dd29d2568aa705feb69339e836dfa8d8b09abbb2f859371e86863eda41848221f9af43714491467b5b0299122431e202bb0c532
  languageName: node
  linkType: hard

"ms@npm:^2.1.1":
  version: 2.1.3
  resolution: "ms@npm:2.1.3"
  checksum: 10/aa92de608021b242401676e35cfa5aa42dd70cbdc082b916da7fb925c542173e36bce97ea3e804923fe92c0ad991434e4a38327e15a1b5b5f945d66df615ae6d
  languageName: node
  linkType: hard

"p-limit@npm:^6.1.0":
  version: 6.1.0
  resolution: "p-limit@npm:6.1.0"
  dependencies:
    yocto-queue: "npm:^1.1.1"
  checksum: 10/9670cb4426d77c20a477cad0e44e8207248381135650f5b9bfe039c9d93566cd4b05cfc557fe60f2db88c799991c7edc6be436255d287a87a605ee604a71cd91
  languageName: node
  linkType: hard

"pg-format@npm:^1.0.4":
  version: 1.0.4
  resolution: "pg-format@npm:1.0.4"
  checksum: 10/49bca54d455c3bd2163414c5d527d615f878793f0bcab7c85b426c59f0b600667056efc82794dd52084c7f301fb5d5d7b0906f636715c0e4d0ce2ba8cb4dc1d2
  languageName: node
  linkType: hard

"safe-buffer@npm:^5.0.1":
  version: 5.2.1
  resolution: "safe-buffer@npm:5.2.1"
  checksum: 10/32872cd0ff68a3ddade7a7617b8f4c2ae8764d8b7d884c651b74457967a9e0e886267d3ecc781220629c44a865167b61c375d2da6c720c840ecd73f45d5d9451
  languageName: node
  linkType: hard

"semver@npm:^7.5.4":
  version: 7.6.3
  resolution: "semver@npm:7.6.3"
  bin:
    semver: bin/semver.js
  checksum: 10/36b1fbe1a2b6f873559cd57b238f1094a053dbfd997ceeb8757d79d1d2089c56d1321b9f1069ce263dc64cfa922fa1d2ad566b39426fe1ac6c723c1487589e10
  languageName: node
  linkType: hard

"url-join@npm:^5.0.0":
  version: 5.0.0
  resolution: "url-join@npm:5.0.0"
  checksum: 10/5921384a8ad4395b49ce4b50aa26efbc429cebe0bc8b3660ad693dd12fd859747b5369be0443e60e53a7850b2bc9d7d0687bcb94386662b40e743596bbf38101
  languageName: node
  linkType: hard

"url-template@npm:^3.1.1":
  version: 3.1.1
  resolution: "url-template@npm:3.1.1"
  checksum: 10/0cfc1117571e8481cc07939261756f61ce98bf5b7458d4cf412741f2e71e2d61bb5b59881778175ec15ea256b9d1fb4d7d2eafd1e8a57870a5d37de3754ae1f3
  languageName: node
  linkType: hard

"uuid@npm:^9.0.1":
  version: 9.0.1
  resolution: "uuid@npm:9.0.1"
  bin:
    uuid: dist/bin/uuid
  checksum: 10/9d0b6adb72b736e36f2b1b53da0d559125ba3e39d913b6072f6f033e0c87835b414f0836b45bcfaf2bdf698f92297fea1c3cc19b0b258bc182c9c43cc0fab9f2
  languageName: node
  linkType: hard

"yocto-queue@npm:^1.1.1":
  version: 1.1.1
  resolution: "yocto-queue@npm:1.1.1"
  checksum: 10/f2e05b767ed3141e6372a80af9caa4715d60969227f38b1a4370d60bffe153c9c5b33a862905609afc9b375ec57cd40999810d20e5e10229a204e8bde7ef255c
  languageName: node
  linkType: hard
